
Microsoft Visual Studio Solution File, Format Version 12.00
# Visual Studio 15
VisualStudioVersion = 15.0.27703.2000
MinimumVisualStudioVersion = 10.0.40219.1
Project("{8BC9CEB8-8B4A-11D0-8D11-00A0C91BC942}") = "Polymorphism", "Polymorphism\Polymorphism.vcxproj", "{DEB400C5-D759-4546-ADAD-9D43D65DEB76}"
EndProject
Global
	GlobalSection(SolutionConfigurationPlatforms) = preSolution
		Debug|x64 = Debug|x64
		Debug|x86 = Debug|x86
		Release|x64 = Release|x64
		Release|x86 = Release|x86
	EndGlobalSection
	GlobalSection(ProjectConfigurationPlatforms) = postSolution
		{DEB400C5-D759-4546-ADAD-9D43D65DEB76}.Debug|x64.ActiveCfg = Debug|x64
		{DEB400C5-D759-4546-ADAD-9D43D65DEB76}.Debug|x64.Build.0 = Debug|x64
		{DEB400C5-D759-4546-ADAD-9D43D65DEB76}.Debug|x86.ActiveCfg = Debug|Win32
		{DEB400C5-D759-4546-ADAD-9D43D65DEB76}.Debug|x86.Build.0 = Debug|Win32
		{DEB400C5-D759-4546-ADAD-9D43D65DEB76}.Release|x64.ActiveCfg = Release|x64
		{DEB400C5-D759-4546-ADAD-9D43D65DEB76}.Release|x64.Build.0 = Release|x64
		{DEB400C5-D759-4546-ADAD-9D43D65DEB76}.Release|x86.ActiveCfg = Release|Win32
		{DEB400C5-D759-4546-ADAD-9D43D65DEB76}.Release|x86.Build.0 = Release|Win32
	EndGlobalSection
	GlobalSection(SolutionProperties) = preSolution
		HideSolutionNode = FALSE
	EndGlobalSection
	GlobalSection(ExtensibilityGlobals) = postSolution
		SolutionGuid = {771BF03D-08B5-4D30-81F3-880EA7FEA624}
	EndGlobalSection
EndGlobal
